
Microsoft Visual Studio Solution File, Format Version 12.00
# Visual Studio Version 17
VisualStudioVersion = 17.1.32210.238
MinimumVisualStudioVersion = 10.0.40219.1
Project("{FAE04EC0-301F-11D3-BF4B-00C04F79EFBC}") = "ZhuRui-0516AllLabApp", "ZhuRui-0516AllLabApp.csproj", "{051E2704-A955-46A2-996A-8D09029FCEFB}"
EndProject
Project("{FAE04EC0-301F-11D3-BF4B-00C04F79EFBC}") = "LabAss2", "..\LabAss2\LabAss2.csproj", "{0B1BE877-2C01-4EC4-94AC-30BA8B94A930}"
EndProject
Project("{FAE04EC0-301F-11D3-BF4B-00C04F79EFBC}") = "LabAss3", "..\LabAss3\LabAss3.csproj", "{FC525689-1EF3-4B84-9A67-4A47056B5575}"
EndProject
Project("{FAE04EC0-301F-11D3-BF4B-00C04F79EFBC}") = "LabAss4", "..\LabAss4\LabAss4.csproj", "{21B9C567-AF6A-4B22-B80F-111415134949}"
EndProject
Global
	GlobalSection(SolutionConfigurationPlatforms) = preSolution
		Debug|Any CPU = Debug|Any CPU
		Release|Any CPU = Release|Any CPU
	EndGlobalSection
	GlobalSection(ProjectConfigurationPlatforms) = postSolution
		{051E2704-A955-46A2-996A-8D09029FCEFB}.Debug|Any CPU.ActiveCfg = Debug|Any CPU
		{051E2704-A955-46A2-996A-8D09029FCEFB}.Debug|Any CPU.Build.0 = Debug|Any CPU
		{051E2704-A955-46A2-996A-8D09029FCEFB}.Release|Any CPU.ActiveCfg = Release|Any CPU
		{051E2704-A955-46A2-996A-8D09029FCEFB}.Release|Any CPU.Build.0 = Release|Any CPU
		{0B1BE877-2C01-4EC4-94AC-30BA8B94A930}.Debug|Any CPU.ActiveCfg = Debug|Any CPU
		{0B1BE877-2C01-4EC4-94AC-30BA8B94A930}.Debug|Any CPU.Build.0 = Debug|Any CPU
		{0B1BE877-2C01-4EC4-94AC-30BA8B94A930}.Release|Any CPU.ActiveCfg = Release|Any CPU
		{0B1BE877-2C01-4EC4-94AC-30BA8B94A930}.Release|Any CPU.Build.0 = Release|Any CPU
		{FC525689-1EF3-4B84-9A67-4A47056B5575}.Debug|Any CPU.ActiveCfg = Debug|Any CPU
		{FC525689-1EF3-4B84-9A67-4A47056B5575}.Debug|Any CPU.Build.0 = Debug|Any CPU
		{FC525689-1EF3-4B84-9A67-4A47056B5575}.Release|Any CPU.ActiveCfg = Release|Any CPU
		{FC525689-1EF3-4B84-9A67-4A47056B5575}.Release|Any CPU.Build.0 = Release|Any CPU
		{21B9C567-AF6A-4B22-B80F-111415134949}.Debug|Any CPU.ActiveCfg = Debug|Any CPU
		{21B9C567-AF6A-4B22-B80F-111415134949}.Debug|Any CPU.Build.0 = Debug|Any CPU
		{21B9C567-AF6A-4B22-B80F-111415134949}.Release|Any CPU.ActiveCfg = Release|Any CPU
		{21B9C567-AF6A-4B22-B80F-111415134949}.Release|Any CPU.Build.0 = Release|Any CPU
	EndGlobalSection
	GlobalSection(SolutionProperties) = preSolution
		HideSolutionNode = FALSE
	EndGlobalSection
	GlobalSection(ExtensibilityGlobals) = postSolution
		SolutionGuid = {C6D7D55B-CA6E-4193-8050-3BBE2ED8B2BC}
	EndGlobalSection
EndGlobal
